PODS:
  - DTCoreText (1.6.16):
    - DTFoundation/Core (~> 1.7.5)
    - DTFoundation/DTAnimatedGIF (~> 1.7.5)
    - DTFoundation/DTHTMLParser (~> 1.7.5)
    - DTFoundation/UIKit (~> 1.7.5)
  - DTFoundation/Core (1.7.8)
  - DTFoundation/DTAnimatedGIF (1.7.8)
  - DTFoundation/DTHTMLParser (1.7.8):
    - DTFoundation/Core
  - DTFoundation/UIKit (1.7.8):
    - DTFoundation/Core
  - FontAwesomeKit/Core (2.2.0)
  - FontAwesomeKit/FontAwesome (2.2.0):
    - FontAwesomeKit/Core
  - HockeySDK (3.8.5):
    - HockeySDK/AllFeaturesLib (= 3.8.5)
  - HockeySDK/AllFeaturesLib (3.8.5)

DEPENDENCIES:
  - DTCoreText
  - FontAwesomeKit/FontAwesome
  - HockeySDK

SPEC CHECKSUMS:
  DTCoreText: 934a16fe9ffdd169c96261721b39dc312b75713d
  DTFoundation: 46e2b2fafe78d67febfd8d1f85fe9845a093f00e
  FontAwesomeKit: 025fd4dd1017fe4e3f8d47b03e024deedbb33cd4
  HockeySDK: dd11a2b9da3372fd025643bee5bc10c8c613d169

COCOAPODS: 0.39.0
